
Microsoft Visual Studio Solution File, Format Version 12.00
# Visual Studio Version 17
VisualStudioVersion = 17.6.33815.320
MinimumVisualStudioVersion = 10.0.40219.1
Project("{FAE04EC0-301F-11D3-BF4B-00C04F79EFBC}") = "5The15FormWpf", "5The15FormWpf\5The15FormWpf.csproj", "{0669014D-263A-465E-8FAE-0B7E844E4E6A}"
EndProject
Global
	GlobalSection(SolutionConfigurationPlatforms) = preSolution
		Debug|Any CPU = Debug|Any CPU
		Release|Any CPU = Release|Any CPU
	EndGlobalSection
	GlobalSection(ProjectConfigurationPlatforms) = postSolution
		{0669014D-263A-465E-8FAE-0B7E844E4E6A}.Debug|Any CPU.ActiveCfg = Debug|Any CPU
		{0669014D-263A-465E-8FAE-0B7E844E4E6A}.Debug|Any CPU.Build.0 = Debug|Any CPU
		{0669014D-263A-465E-8FAE-0B7E844E4E6A}.Release|Any CPU.ActiveCfg = Release|Any CPU
		{0669014D-263A-465E-8FAE-0B7E844E4E6A}.Release|Any CPU.Build.0 = Release|Any CPU
	EndGlobalSection
	GlobalSection(SolutionProperties) = preSolution
		HideSolutionNode = FALSE
	EndGlobalSection
	GlobalSection(ExtensibilityGlobals) = postSolution
		SolutionGuid = {39EFCBCC-4450-4BE6-AAA8-763B025A2077}
	EndGlobalSection
EndGlobal
